# THIS IS AN AUTOGENERATED FILE. DO NOT EDIT THIS FILE DIRECTLY.
# yarn lockfile v1


dio@^0.0.3:
  version "0.0.3"
  resolved "https://registry.yarnpkg.com/dio/-/dio-0.0.3.tgz#bc6a260d3fb500c610239085f235afee2143dc55"
  integrity sha512-jethyZfVhvCqzmtqDDv6ogEVRnsi36nQvEdlCBZ9+JB/nwT0aQ2PwqGgJxtY4pis+o9YnFITLju9RTd68YQE7g==
